Microsoft Visual Studio Solution File, Format Version 12.00
# Visual Studio Version 17
VisualStudioVersion = 17.5.2.0
MinimumVisualStudioVersion = 10.0.40219.1
Project("{FAE04EC0-301F-11D3-BF4B-00C04F79EFBC}") = "ScanflowMauiDemoApp", "ScanflowMauiDemoApp.csproj", "{D1B57B8E-2356-9A47-55C3-FED2DEFA4193}"
EndProject
Global
	GlobalSection(SolutionConfigurationPlatforms) = preSolution
		Debug|Any CPU = Debug|Any CPU
		Release|Any CPU = Release|Any CPU
	EndGlobalSection
	GlobalSection(ProjectConfigurationPlatforms) = postSolution
		{D1B57B8E-2356-9A47-55C3-FED2DEFA4193}.Debug|Any CPU.ActiveCfg = Debug|Any CPU
		{D1B57B8E-2356-9A47-55C3-FED2DEFA4193}.Debug|Any CPU.Build.0 = Debug|Any CPU
		{D1B57B8E-2356-9A47-55C3-FED2DEFA4193}.Release|Any CPU.ActiveCfg = Release|Any CPU
		{D1B57B8E-2356-9A47-55C3-FED2DEFA4193}.Release|Any CPU.Build.0 = Release|Any CPU
	EndGlobalSection
	GlobalSection(SolutionProperties) = preSolution
		HideSolutionNode = FALSE
	EndGlobalSection
	GlobalSection(ExtensibilityGlobals) = postSolution
		SolutionGuid = {3295EF92-BFA4-4B04-A5B1-E04A571CE1B8}
	EndGlobalSection
EndGlobal
